github.com/oasisprotocol/curve25519-voi v0.0.0-20230904125328-1f23a7beb09a h1:dlRvE5fWabOchtH7znfiFCcOvmIYgOeAS5ifBXBlh9Q=
github.com/oasisprotocol/curve25519-voi v0.0.0-20230904125328-1f23a7beb09a/go.mod h1:hVoHR2EVESiICEMbg137etN/Lx+lSrHPTD39Z/uE+2s=
github.com/snksoft/crc v1.1.0 h1:HkLdI4taFlgGGG1KvsWMpz78PkOC9TkPVpTV/cuWn48=
github.com/snksoft/crc v1.1.0/go.mod h1:5/gUOsgAm7OmIhb6WJzw7w5g2zfJi4FrHYgGPdshE+A=
github.com/tonkeeper/tongo v1.16.17 h1:OxcIl1KqlywwJqOyThqCVuiy01KqGCn4IrkvwFILooE=
github.com/tonkeeper/tongo v1.16.17/go.mod h1:MjgIgAytFarjCoVjMLjYEtpZNN1f2G/pnZhKjr28cWs=
golang.org/x/crypto v0.40.0 h1:r4x+VvoG5Fm+eJcxMaY8CQM7Lb0l1lsmjGBQ6s8BfKM=
golang.org/x/crypto v0.40.0/go.mod h1:Qr1vMER5WyS2dfPHAlsOj01wgLbsyWtFn/aY+5+ZdxY=
golang.org/x/exp v0.0.0-20250718183923-645b1fa84792 h1:R9PFI6EUdfVKgwKjZef7QIwGcBKu86OEFpJ9nUEP2l4=
golang.org/x/exp v0.0.0-20250718183923-645b1fa84792/go.mod h1:A+z0yzpGtvnG90cToK5n2tu8UJVP2XUATh+r+sfOOOc=
golang.org/x/sys v0.34.0 h1:H5Y5sJ2L2JRdyv7ROF1he/lPdvFsd0mJHFw2ThKHxLA=
golang.org/x/sys v0.34.0/go.mod h1:BJP2sWEmIv4KK5OTEluFJCKSidICx8ciO85XgH3Ak8k=
